
Microsoft Visual Studio Solution File, Format Version 12.00
# Visual Studio 2013
VisualStudioVersion = 12.0.40629.0
MinimumVisualStudioVersion = 10.0.40219.1
Project("{FAE04EC0-301F-11D3-BF4B-00C04F79EFBC}") = "gnygldn.currencycalculator", "gnygldn.currencycalculator\gnygldn.currencycalculator.csproj", "{B58F529A-2C04-49EE-A78C-18C8F7DFB0DA}"
EndProject
Global
	GlobalSection(SolutionConfigurationPlatforms) = preSolution
		Debug|Any CPU = Debug|Any CPU
		Release|Any CPU = Release|Any CPU
	EndGlobalSection
	GlobalSection(ProjectConfigurationPlatforms) = postSolution
		{B58F529A-2C04-49EE-A78C-18C8F7DFB0DA}.Debug|Any CPU.ActiveCfg = Debug|Any CPU
		{B58F529A-2C04-49EE-A78C-18C8F7DFB0DA}.Debug|Any CPU.Build.0 = Debug|Any CPU
		{B58F529A-2C04-49EE-A78C-18C8F7DFB0DA}.Release|Any CPU.ActiveCfg = Release|Any CPU
		{B58F529A-2C04-49EE-A78C-18C8F7DFB0DA}.Release|Any CPU.Build.0 = Release|Any CPU
	EndGlobalSection
	GlobalSection(SolutionProperties) = preSolution
		HideSolutionNode = FALSE
	EndGlobalSection
EndGlobal
